Microsoft Visual Studio Solution File, Format Version 12.00
# Visual Studio 2012
Project("{FAE04EC0-301F-11D3-BF4B-00C04F79EFBC}") = "Such A Gentle Breeze 2.0", "Such A Gentle Breeze 2.0.csproj", "{5DB86021-76A8-499A-99D6-8911E34A617A}"
EndProject
Global
	GlobalSection(SolutionConfigurationPlatforms) = preSolution
	Debug|Any CPU = Debug|Any CPU
	ExportDebug|Any CPU = ExportDebug|Any CPU
	ExportRelease|Any CPU = ExportRelease|Any CPU
	EndGlobalSection
	GlobalSection(ProjectConfigurationPlatforms) = postSolution
		{5DB86021-76A8-499A-99D6-8911E34A617A}.Debug|Any CPU.ActiveCfg = Debug|Any CPU
		{5DB86021-76A8-499A-99D6-8911E34A617A}.Debug|Any CPU.Build.0 = Debug|Any CPU
		{5DB86021-76A8-499A-99D6-8911E34A617A}.ExportDebug|Any CPU.ActiveCfg = ExportDebug|Any CPU
		{5DB86021-76A8-499A-99D6-8911E34A617A}.ExportDebug|Any CPU.Build.0 = ExportDebug|Any CPU
		{5DB86021-76A8-499A-99D6-8911E34A617A}.ExportRelease|Any CPU.ActiveCfg = ExportRelease|Any CPU
		{5DB86021-76A8-499A-99D6-8911E34A617A}.ExportRelease|Any CPU.Build.0 = ExportRelease|Any CPU
	EndGlobalSection
EndGlobal
